
Microsoft Visual Studio Solution File, Format Version 12.00
# Visual Studio Version 17
VisualStudioVersion = 17.4.33213.308
MinimumVisualStudioVersion = 10.0.40219.1
Project("{FAE04EC0-301F-11D3-BF4B-00C04F79EFBC}") = "BSBookingQuery", "BSBookingQuery\BSBookingQuery.csproj", "{C64B132A-1A08-47B0-B97F-1EE5562656A2}"
EndProject
Global
	GlobalSection(SolutionConfigurationPlatforms) = preSolution
		Debug|Any CPU = Debug|Any CPU
		Release|Any CPU = Release|Any CPU
	EndGlobalSection
	GlobalSection(ProjectConfigurationPlatforms) = postSolution
		{C64B132A-1A08-47B0-B97F-1EE5562656A2}.Debug|Any CPU.ActiveCfg = Debug|Any CPU
		{C64B132A-1A08-47B0-B97F-1EE5562656A2}.Debug|Any CPU.Build.0 = Debug|Any CPU
		{C64B132A-1A08-47B0-B97F-1EE5562656A2}.Release|Any CPU.ActiveCfg = Release|Any CPU
		{C64B132A-1A08-47B0-B97F-1EE5562656A2}.Release|Any CPU.Build.0 = Release|Any CPU
	EndGlobalSection
	GlobalSection(SolutionProperties) = preSolution
		HideSolutionNode = FALSE
	EndGlobalSection
	GlobalSection(ExtensibilityGlobals) = postSolution
		SolutionGuid = {21427A6B-2969-42C1-9F3D-287665E85A03}
	EndGlobalSection
EndGlobal
